
Microsoft Visual Studio Solution File, Format Version 12.00
# Visual Studio Version 17
VisualStudioVersion = 17.7.34024.191
MinimumVisualStudioVersion = 10.0.40219.1
Project("{FAE04EC0-301F-11D3-BF4B-00C04F79EFBC}") = "TCP app", "TCP app.csproj", "{F5F80EE7-7AC0-40EE-A166-3FF9DD10E595}"
EndProject
Global
	GlobalSection(SolutionConfigurationPlatforms) = preSolution
		Debug|Any CPU = Debug|Any CPU
		Release|Any CPU = Release|Any CPU
	EndGlobalSection
	GlobalSection(ProjectConfigurationPlatforms) = postSolution
		{F5F80EE7-7AC0-40EE-A166-3FF9DD10E595}.Debug|Any CPU.ActiveCfg = Debug|Any CPU
		{F5F80EE7-7AC0-40EE-A166-3FF9DD10E595}.Debug|Any CPU.Build.0 = Debug|Any CPU
		{F5F80EE7-7AC0-40EE-A166-3FF9DD10E595}.Release|Any CPU.ActiveCfg = Release|Any CPU
		{F5F80EE7-7AC0-40EE-A166-3FF9DD10E595}.Release|Any CPU.Build.0 = Release|Any CPU
	EndGlobalSection
	GlobalSection(SolutionProperties) = preSolution
		HideSolutionNode = FALSE
	EndGlobalSection
	GlobalSection(ExtensibilityGlobals) = postSolution
		SolutionGuid = {FC7BFC14-C615-4DE4-9200-6A38DD800DC5}
	EndGlobalSection
EndGlobal
